// !$*UTF8*$!
{
	archiveVersion = 1;
	classes = {
	};
	objectVersion = 56;
	objects = {

/* Begin PBXBuildFile section */
		DE37AAEF2976C00700D374CC /* AppDelegate.swift in Sources */ = {isa = PBXBuildFile; fileRef = DE37AAEE2976C00700D374CC /* AppDelegate.swift */; };
		DE37AAF12976C00700D374CC /* SceneDelegate.swift in Sources */ = {isa = PBXBuildFile; fileRef = DE37AAF02976C00700D374CC /* SceneDelegate.swift */; };
		DE37AAF32976C00700D374CC /* ViewController.swift in Sources */ = {isa = PBXBuildFile; fileRef = DE37AAF22976C00700D374CC /* ViewController.swift */; };
		DE37AAF62976C00700D374CC /* Main.storyboard in Resources */ = {isa = PBXBuildFile; fileRef = DE37AAF42976C00700D374CC /* Main.storyboard */; };
		DE37AAF92976C00700D374CC /* Movies_App.xcdatamodeld in Sources */ = {isa = PBXBuildFile; fileRef = DE37AAF72976C00700D374CC /* Movies_App.xcdatamodeld */; };
		DE37AAFB2976C00900D374CC /* Assets.xcassets in Resources */ = {isa = PBXBuildFile; fileRef = DE37AAFA2976C00900D374CC /* Assets.xcassets */; };
		DE37AAFE2976C00900D374CC /* LaunchScreen.storyboard in Resources */ = {isa = PBXBuildFile; fileRef = DE37AAFC2976C00900D374CC /* LaunchScreen.storyboard */; };
		DE37AB092976C00900D374CC /* Movies_AppTests.swift in Sources */ = {isa = PBXBuildFile; fileRef = DE37AB082976C00900D374CC /* Movies_AppTests.swift */; };
		DE37AB132976C00A00D374CC /* Movies_AppUITests.swift in Sources */ = {isa = PBXBuildFile; fileRef = DE37AB122976C00A00D374CC /* Movies_AppUITests.swift */; };
		DE37AB152976C00A00D374CC /* Movies_AppUITestsLaunchTests.swift in Sources */ = {isa = PBXBuildFile; fileRef = DE37AB142976C00A00D374CC /* Movies_AppUITestsLaunchTests.swift */; };
/* End PBXBuildFile section */

/* Begin PBXContainerItemProxy section */
		DE37AB052976C00900D374CC /* PBXContainerItemProxy */ = {
			isa = PBXContainerItemProxy;
			containerPortal = DE37AAE32976C00700D374CC /* Project object */;
			proxyType = 1;
			remoteGlobalIDString = DE37AAEA2976C00700D374CC;
			remoteInfo = "Movies App";
		};
		DE37AB0F2976C00A00D374CC /* PBXContainerItemProxy */ = {
			isa = PBXContainerItemProxy;
			containerPortal = DE37AAE32976C00700D374CC /* Project object */;
			proxyType = 1;
			remoteGlobalIDString = DE37AAEA2976C00700D374CC;
			remoteInfo = "Movies App";
		};
/* End PBXContainerItemProxy section */

/* Begin PBXFileReference section */
		DE37AAEB2976C00700D374CC /* Movies App.app */ = {isa = PBXFileReference; explicitFileType = wrapper.application; includeInIndex = 0; path = "Movies App.app"; sourceTree = BUILT_PRODUCTS_DIR; };
		DE37AAEE2976C00700D374CC /* AppDelegate.swift */ = {isa = PBXFileReference; lastKnownFileType = sourcecode.swift; path = AppDelegate.swift; sourceTree = "<group>"; };
		DE37AAF02976C00700D374CC /* SceneDelegate.swift */ = {isa = PBXFileReference; lastKnownFileType = sourcecode.swift; path = SceneDelegate.swift; sourceTree = "<group>"; };
		DE37AAF22976C00700D374CC /* ViewController.swift */ = {isa = PBXFileReference; lastKnownFileType = sourcecode.swift; path = ViewController.swift; sourceTree = "<group>"; };
		DE37AAF52976C00700D374CC /* Base */ = {isa = PBXFileReference; lastKnownFileType = file.storyboard; name = Base; path = Base.lproj/Main.storyboard; sourceTree = "<group>"; };
		DE37AAF82976C00700D374CC /* Movies_App.xcdatamodel */ = {isa = PBXFileReference; lastKnownFileType = wrapper.xcdatamodel; path = Movies_App.xcdatamodel; sourceTree = "<group>"; };
		DE37AAFA2976C00900D374CC /* Assets.xcassets */ = {isa = PBXFileReference; lastKnownFileType = folder.assetcatalog; path = Assets.xcassets; sourceTree = "<group>"; };
		DE37AAFD2976C00900D374CC /* Base */ = {isa = PBXFileReference; lastKnownFileType = file.storyboard; name = Base; path = Base.lproj/LaunchScreen.storyboard; sourceTree = "<group>"; };
		DE37AAFF2976C00900D374CC /* Info.plist */ = {isa = PBXFileReference; lastKnownFileType = text.plist.xml; path = Info.plist; sourceTree = "<group>"; };
		DE37AB042976C00900D374CC /* Movies AppTests.xctest */ = {isa = PBXFileReference; explicitFileType = wrapper.cfbundle; includeInIndex = 0; path = "Movies AppTests.xctest"; sourceTree = BUILT_PRODUCTS_DIR; };
		DE37AB082976C00900D374CC /* Movies_AppTests.swift */ = {isa = PBXFileReference; lastKnownFileType = sourcecode.swift; path = Movies_AppTests.swift; sourceTree = "<group>"; };
		DE37AB0E2976C00A00D374CC /* Movies AppUITests.xctest */ = {isa = PBXFileReference; explicitFileType = wrapper.cfbundle; includeInIndex = 0; path = "Movies AppUITests.xctest"; sourceTree = BUILT_PRODUCTS_DIR; };
		DE37AB122976C00A00D374CC /* Movies_AppUITests.swift */ = {isa = PBXFileReference; lastKnownFileType = sourcecode.swift; path = Movies_AppUITests.swift; sourceTree = "<group>"; };
		DE37AB142976C00A00D374CC /* Movies_AppUITestsLaunchTests.swift */ = {isa = PBXFileReference; lastKnownFileType = sourcecode.swift; path = Movies_AppUITestsLaunchTests.swift; sourceTree = "<group>"; };
/* End PBXFileReference section */

/* Begin PBXFrameworksBuildPhase section */
		DE37AAE82976C00700D374CC /* Frameworks */ = {
			isa = PBXFrameworksBuildPhase;
			buildActionMask = 2147483647;
			files = (
			);
			runOnlyForDeploymentPostprocessing = 0;
		};
		DE37AB012976C00900D374CC /* Frameworks */ = {
			isa = PBXFrameworksBuildPhase;
			buildActionMask = 2147483647;
			files = (
			);
			runOnlyForDeploymentPostprocessing = 0;
		};
		DE37AB0B2976C00A00D374CC /* Frameworks */ = {
			isa = PBXFrameworksBuildPhase;
			buildActionMask = 2147483647;
			files = (
			);
			runOnlyForDeploymentPostprocessing = 0;
		};
/* End PBXFrameworksBuildPhase section */

/* Begin PBXGroup section */
		DE37AAE22976C00700D374CC = {
			isa = PBXGroup;
			children = (
				DE37AAED2976C00700D374CC /* Movies App */,
				DE37AB072976C00900D374CC /* Movies AppTests */,
				DE37AB112976C00A00D374CC /* Movies AppUITests */,
				DE37AAEC2976C00700D374CC /* Products */,
			);
			sourceTree = "<group>";
		};
		DE37AAEC2976C00700D374CC /* Products */ = {
			isa = PBXGroup;
			children = (
				DE37AAEB2976C00700D374CC /* Movies App.app */,
				DE37AB042976C00900D374CC /* Movies AppTests.xctest */,
				DE37AB0E2976C00A00D374CC /* Movies AppUITests.xctest */,
			);
			name = Products;
			sourceTree = "<group>";
		};
		DE37AAED2976C00700D374CC /* Movies App */ = {
			isa = PBXGroup;
			children = (
				DE37AAEE2976C00700D374CC /* AppDelegate.swift */,
				DE37AAF02976C00700D374CC /* SceneDelegate.swift */,
				DE37AAF22976C00700D374CC /* ViewController.swift */,
				DE37AAF42976C00700D374CC /* Main.storyboard */,
				DE37AAFA2976C00900D374CC /* Assets.xcassets */,
				DE37AAFC2976C00900D374CC /* LaunchScreen.storyboard */,
				DE37AAFF2976C00900D374CC /* Info.plist */,
				DE37AAF72976C00700D374CC /* Movies_App.xcdatamodeld */,
			);
			path = "Movies App";
			sourceTree = "<group>";
		};
		DE37AB072976C00900D374CC /* Movies AppTests */ = {
			isa = PBXGroup;
			children = (
				DE37AB082976C00900D374CC /* Movies_AppTests.swift */,
			);
			path = "Movies AppTests";
			sourceTree = "<group>";
		};
		DE37AB112976C00A00D374CC /* Movies AppUITests */ = {
			isa = PBXGroup;
			children = (
				DE37AB122976C00A00D374CC /* Movies_AppUITests.swift */,
				DE37AB142976C00A00D374CC /* Movies_AppUITestsLaunchTests.swift */,
			);
			path = "Movies AppUITests";
			sourceTree = "<group>";
		};
/* End PBXGroup section */

/* Begin PBXNativeTarget section */
		DE37AAEA2976C00700D374CC /* Movies App */ = {
			isa = PBXNativeTarget;
			buildConfigurationList = DE37AB182976C00A00D374CC /* Build configuration list for PBXNativeTarget "Movies App" */;
			buildPhases = (
				DE37AAE72976C00700D374CC /* Sources */,
				DE37AAE82976C00700D374CC /* Frameworks */,
				DE37AAE92976C00700D374CC /* Resources */,
			);
			buildRules = (
			);
			dependencies = (
			);
			name = "Movies App";
			productName = "Movies App";
			productReference = DE37AAEB2976C00700D374CC /* Movies App.app */;
			productType = "com.apple.product-type.application";
		};
		DE37AB032976C00900D374CC /* Movies AppTests */ = {
			isa = PBXNativeTarget;
			buildConfigurationList = DE37AB1B2976C00A00D374CC /* Build configuration list for PBXNativeTarget "Movies AppTests" */;
			buildPhases = (
				DE37AB002976C00900D374CC /* Sources */,
				DE37AB012976C00900D374CC /* Frameworks */,
				DE37AB022976C00900D374CC /* Resources */,
			);
			buildRules = (
			);
			dependencies = (
				DE37AB062976C00900D374CC /* PBXTargetDependency */,
			);
			name = "Movies AppTests";
			productName = "Movies AppTests";
			productReference = DE37AB042976C00900D374CC /* Movies AppTests.xctest */;
			productType = "com.apple.product-type.bundle.unit-test";
		};
		DE37AB0D2976C00A00D374CC /* Movies AppUITests */ = {
			isa = PBXNativeTarget;
			buildConfigurationList = DE37AB1E2976C00A00D374CC /* Build configuration list for PBXNativeTarget "Movies AppUITests" */;
			buildPhases = (
				DE37AB0A2976C00A00D374CC /* Sources */,
				DE37AB0B2976C00A00D374CC /* Frameworks */,
				DE37AB0C2976C00A00D374CC /* Resources */,
			);
			buildRules = (
			);
			dependencies = (
				DE37AB102976C00A00D374CC /* PBXTargetDependency */,
			);
			name = "Movies AppUITests";
			productName = "Movies AppUITests";
			productReference = DE37AB0E2976C00A00D374CC /* Movies AppUITests.xctest */;
			productType = "com.apple.product-type.bundle.ui-testing";
		};
/* End PBXNativeTarget section */

/* Begin PBXProject section */
		DE37AAE32976C00700D374CC /* Project object */ = {
			isa = PBXProject;
			attributes = {
				BuildIndependentTargetsInParallel = 1;
				LastSwiftUpdateCheck = 1420;
				LastUpgradeCheck = 1420;
				TargetAttributes = {
					DE37AAEA2976C00700D374CC = {
						CreatedOnToolsVersion = 14.2;
					};
					DE37AB032976C00900D374CC = {
						CreatedOnToolsVersion = 14.2;
						TestTargetID = DE37AAEA2976C00700D374CC;
					};
					DE37AB0D2976C00A00D374CC = {
						CreatedOnToolsVersion = 14.2;
						TestTargetID = DE37AAEA2976C00700D374CC;
					};
				};
			};
			buildConfigurationList = DE37AAE62976C00700D374CC /* Build configuration list for PBXProject "Movies App" */;
			compatibilityVersion = "Xcode 14.0";
			developmentRegion = en;
			hasScannedForEncodings = 0;
			knownRegions = (
				en,
				Base,
			);
			mainGroup = DE37AAE22976C00700D374CC;
			productRefGroup = DE37AAEC2976C00700D374CC /* Products */;
			projectDirPath = "";
			projectRoot = "";
			targets = (
				DE37AAEA2976C00700D374CC /* Movies App */,
				DE37AB032976C00900D374CC /* Movies AppTests */,
				DE37AB0D2976C00A00D374CC /* Movies AppUITests */,
			);
		};
/* End PBXProject section */

/* Begin PBXResourcesBuildPhase section */
		DE37AAE92976C00700D374CC /* Resources */ = {
			isa = PBXResourcesBuildPhase;
			buildActionMask = 2147483647;
			files = (
				DE37AAFE2976C00900D374CC /* LaunchScreen.storyboard in Resources */,
				DE37AAFB2976C00900D374CC /* Assets.xcassets in Resources */,
				DE37AAF62976C00700D374CC /* Main.storyboard in Resources */,
			);
			runOnlyForDeploymentPostprocessing = 0;
		};
		DE37AB022976C00900D374CC /* Resources */ = {
			isa = PBXResourcesBuildPhase;
			buildActionMask = 2147483647;
			files = (
			);
			runOnlyForDeploymentPostprocessing = 0;
		};
		DE37AB0C2976C00A00D374CC /* Resources */ = {
			isa = PBXResourcesBuildPhase;
			buildActionMask = 2147483647;
			files = (
			);
			runOnlyForDeploymentPostprocessing = 0;
		};
/* End PBXResourcesBuildPhase section */

/* Begin PBXSourcesBuildPhase section */
		DE37AAE72976C00700D374CC /* Sources */ = {
			isa = PBXSourcesBuildPhase;
			buildActionMask = 2147483647;
			files = (
				DE37AAF32976C00700D374CC /* ViewController.swift in Sources */,
				DE37AAEF2976C00700D374CC /* AppDelegate.swift in Sources */,
				DE37AAF92976C00700D374CC /* Movies_App.xcdatamodeld in Sources */,
				DE37AAF12976C00700D374CC /* SceneDelegate.swift in Sources */,
			);
			runOnlyForDeploymentPostprocessing = 0;
		};
		DE37AB002976C00900D374CC /* Sources */ = {
			isa = PBXSourcesBuildPhase;
			buildActionMask = 2147483647;
			files = (
				DE37AB092976C00900D374CC /* Movies_AppTests.swift in Sources */,
			);
			runOnlyForDeploymentPostprocessing = 0;
		};
		DE37AB0A2976C00A00D374CC /* Sources */ = {
			isa = PBXSourcesBuildPhase;
			buildActionMask = 2147483647;
			files = (
				DE37AB132976C00A00D374CC /* Movies_AppUITests.swift in Sources */,
				DE37AB152976C00A00D374CC /* Movies_AppUITestsLaunchTests.swift in Sources */,
			);
			runOnlyForDeploymentPostprocessing = 0;
		};
/* End PBXSourcesBuildPhase section */

/* Begin PBXTargetDependency section */
		DE37AB062976C00900D374CC /* PBXTargetDependency */ = {
			isa = PBXTargetDependency;
			target = DE37AAEA2976C00700D374CC /* Movies App */;
			targetProxy = DE37AB052976C00900D374CC /* PBXContainerItemProxy */;
		};
		DE37AB102976C00A00D374CC /* PBXTargetDependency */ = {
			isa = PBXTargetDependency;
			target = DE37AAEA2976C00700D374CC /* Movies App */;
			targetProxy = DE37AB0F2976C00A00D374CC /* PBXContainerItemProxy */;
		};
/* End PBXTargetDependency section */

/* Begin PBXVariantGroup section */
		DE37AAF42976C00700D374CC /* Main.storyboard */ = {
			isa = PBXVariantGroup;
			children = (
				DE37AAF52976C00700D374CC /* Base */,
			);
			name = Main.storyboard;
			sourceTree = "<group>";
		};
		DE37AAFC2976C00900D374CC /* LaunchScreen.storyboard */ = {
			isa = PBXVariantGroup;
			children = (
				DE37AAFD2976C00900D374CC /* Base */,
			);
			name = LaunchScreen.storyboard;
			sourceTree = "<group>";
		};
/* End PBXVariantGroup section */

/* Begin XCBuildConfiguration section */
		DE37AB162976C00A00D374CC /* Debug */ = {
			isa = XCBuildConfiguration;
			buildSettings = {
				ALWAYS_SEARCH_USER_PATHS = NO;
				CLANG_ANALYZER_NONNULL = YES;
				CLANG_ANALYZER_NUMBER_OBJECT_CONVERSION = YES_AGGRESSIVE;
				CLANG_CXX_LANGUAGE_STANDARD = "gnu++20";
				CLANG_ENABLE_MODULES = YES;
				CLANG_ENABLE_OBJC_ARC = YES;
				CLANG_ENABLE_OBJC_WEAK = YES;
				CLANG_WARN_BLOCK_CAPTURE_AUTORELEASING = YES;
				CLANG_WARN_BOOL_CONVERSION = YES;
				CLANG_WARN_COMMA = YES;
				CLANG_WARN_CONSTANT_CONVERSION = YES;
				CLANG_WARN_DEPRECATED_OBJC_IMPLEMENTATIONS = YES;
				CLANG_WARN_DIRECT_OBJC_ISA_USAGE = YES_ERROR;
				CLANG_WARN_DOCUMENTATION_COMMENTS = YES;
				CLANG_WARN_EMPTY_BODY = YES;
				CLANG_WARN_ENUM_CONVERSION = YES;
				CLANG_WARN_INFINITE_RECURSION = YES;
				CLANG_WARN_INT_CONVERSION = YES;
				CLANG_WARN_NON_LITERAL_NULL_CONVERSION = YES;
				CLANG_WARN_OBJC_IMPLICIT_RETAIN_SELF = YES;
				CLANG_WARN_OBJC_LITERAL_CONVERSION = YES;
				CLANG_WARN_OBJC_ROOT_CLASS = YES_ERROR;
				CLANG_WARN_QUOTED_INCLUDE_IN_FRAMEWORK_HEADER = YES;
				CLANG_WARN_RANGE_LOOP_ANALYSIS = YES;
				CLANG_WARN_STRICT_PROTOTYPES = YES;
				CLANG_WARN_SUSPICIOUS_MOVE = YES;
				CLANG_WARN_UNGUARDED_AVAILABILITY = YES_AGGRESSIVE;
				CLANG_WARN_UNREACHABLE_CODE = YES;
				CLANG_WARN__DUPLICATE_METHOD_MATCH = YES;
				COPY_PHASE_STRIP = NO;
				DEBUG_INFORMATION_FORMAT = dwarf;
				ENABLE_STRICT_OBJC_MSGSEND = YES;
				ENABLE_TESTABILITY = YES;
				GCC_C_LANGUAGE_STANDARD = gnu11;
				GCC_DYNAMIC_NO_PIC = NO;
				GCC_NO_COMMON_BLOCKS = YES;
				GCC_OPTIMIZATION_LEVEL = 0;
				GCC_PREPROCESSOR_DEFINITIONS = (
					"DEBUG=1",
					"$(inherited)",
				);
				GCC_WARN_64_TO_32_BIT_CONVERSION = YES;
				GCC_WARN_ABOUT_RETURN_TYPE = YES_ERROR;
				GCC_WARN_UNDECLARED_SELECTOR = YES;
				GCC_WARN_UNINITIALIZED_AUTOS = YES_AGGRESSIVE;
				GCC_WARN_UNUSED_FUNCTION = YES;
				GCC_WARN_UNUSED_VARIABLE = YES;
				IPHONEOS_DEPLOYMENT_TARGET = 16.2;
				MTL_ENABLE_DEBUG_INFO = INCLUDE_SOURCE;
				MTL_FAST_MATH = YES;
				ONLY_ACTIVE_ARCH = YES;
				SDKROOT = iphoneos;
				SWIFT_ACTIVE_COMPILATION_CONDITIONS = DEBUG;
				SWIFT_OPTIMIZATION_LEVEL = "-Onone";
			};
			name = Debug;
		};
		DE37AB172976C00A00D374CC /* Release */ = {
			isa = XCBuildConfiguration;
			buildSettings = {
				ALWAYS_SEARCH_USER_PATHS = NO;
				CLANG_ANALYZER_NONNULL = YES;
				CLANG_ANALYZER_NUMBER_OBJECT_CONVERSION = YES_AGGRESSIVE;
				CLANG_CXX_LANGUAGE_STANDARD = "gnu++20";
				CLANG_ENABLE_MODULES = YES;
				CLANG_ENABLE_OBJC_ARC = YES;
				CLANG_ENABLE_OBJC_WEAK = YES;
				CLANG_WARN_BLOCK_CAPTURE_AUTORELEASING = YES;
				CLANG_WARN_BOOL_CONVERSION = YES;
				CLANG_WARN_COMMA = YES;
				CLANG_WARN_CONSTANT_CONVERSION = YES;
				CLANG_WARN_DEPRECATED_OBJC_IMPLEMENTATIONS = YES;
				CLANG_WARN_DIRECT_OBJC_ISA_USAGE = YES_ERROR;
				CLANG_WARN_DOCUMENTATION_COMMENTS = YES;
				CLANG_WARN_EMPTY_BODY = YES;
				CLANG_WARN_ENUM_CONVERSION = YES;
				CLANG_WARN_INFINITE_RECURSION = YES;
				CLANG_WARN_INT_CONVERSION = YES;
				CLANG_WARN_NON_LITERAL_NULL_CONVERSION = YES;
				CLANG_WARN_OBJC_IMPLICIT_RETAIN_SELF = YES;
				CLANG_WARN_OBJC_LITERAL_CONVERSION = YES;
				CLANG_WARN_OBJC_ROOT_CLASS = YES_ERROR;
				CLANG_WARN_QUOTED_INCLUDE_IN_FRAMEWORK_HEADER = YES;
				CLANG_WARN_RANGE_LOOP_ANALYSIS = YES;
				CLANG_WARN_STRICT_PROTOTYPES = YES;
				CLANG_WARN_SUSPICIOUS_MOVE = YES;
				CLANG_WARN_UNGUARDED_AVAILABILITY = YES_AGGRESSIVE;
				CLANG_WARN_UNREACHABLE_CODE = YES;
				CLANG_WARN__DUPLICATE_METHOD_MATCH = YES;
				COPY_PHASE_STRIP = NO;
				DEBUG_INFORMATION_FORMAT = "dwarf-with-dsym";
				ENABLE_NS_ASSERTIONS = NO;
				ENABLE_STRICT_OBJC_MSGSEND = YES;
				GCC_C_LANGUAGE_STANDARD = gnu11;
				GCC_NO_COMMON_BLOCKS = YES;
				GCC_WARN_64_TO_32_BIT_CONVERSION = YES;
				GCC_WARN_ABOUT_RETURN_TYPE = YES_ERROR;
				GCC_WARN_UNDECLARED_SELECTOR = YES;
				GCC_WARN_UNINITIALIZED_AUTOS = YES_AGGRESSIVE;
				GCC_WARN_UNUSED_FUNCTION = YES;
				GCC_WARN_UNUSED_VARIABLE = YES;
				IPHONEOS_DEPLOYMENT_TARGET = 16.2;
				MTL_ENABLE_DEBUG_INFO = NO;
				MTL_FAST_MATH = YES;
				SDKROOT = iphoneos;
				SWIFT_COMPILATION_MODE = wholemodule;
				SWIFT_OPTIMIZATION_LEVEL = "-O";
				VALIDATE_PRODUCT = YES;
			};
			name = Release;
		};
		DE37AB192976C00A00D374CC /* Debug */ = {
			isa = XCBuildConfiguration;
			buildSettings = {
				ASSETCATALOG_COMPILER_APPICON_NAME = AppIcon;
				ASSETCATALOG_COMPILER_GLOBAL_ACCENT_COLOR_NAME = AccentColor;
				CODE_SIGN_STYLE = Automatic;
				CURRENT_PROJECT_VERSION = 1;
				DEVELOPMENT_TEAM = 7Y6WH6SYK8;
				GENERATE_INFOPLIST_FILE = YES;
				INFOPLIST_FILE = "Movies App/Info.plist";
				INFOPLIST_KEY_UIApplicationSupportsIndirectInputEvents = YES;
				INFOPLIST_KEY_UILaunchStoryboardName = LaunchScreen;
				INFOPLIST_KEY_UIMainStoryboardFile = Main;
				INFOPLIST_KEY_UISupportedInterfaceOrientations_iPad = "UIInterfaceOrientationPortrait UIInterfaceOrientationPortraitUpsideDown UIInterfaceOrientationLandscapeLeft UIInterfaceOrientationLandscapeRight";
				INFOPLIST_KEY_UISupportedInterfaceOrientations_iPhone = "UIInterfaceOrientationPortrait UIInterfaceOrientationLandscapeLeft UIInterfaceOrientationLandscapeRight";
				LD_RUNPATH_SEARCH_PATHS = (
					"$(inherited)",
					"@executable_path/Frameworks",
				);
				MARKETING_VERSION = 1.0;
				PRODUCT_BUNDLE_IDENTIFIER = "ITI.Movies-App";
				PRODUCT_NAME = "$(TARGET_NAME)";
				SWIFT_EMIT_LOC_STRINGS = YES;
				SWIFT_VERSION = 5.0;
				TARGETED_DEVICE_FAMILY = "1,2";
			};
			name = Debug;
		};
		DE37AB1A2976C00A00D374CC /* Release */ = {
			isa = XCBuildConfiguration;
			buildSettings = {
				ASSETCATALOG_COMPILER_APPICON_NAME = AppIcon;
				ASSETCATALOG_COMPILER_GLOBAL_ACCENT_COLOR_NAME = AccentColor;
				CODE_SIGN_STYLE = Automatic;
				CURRENT_PROJECT_VERSION = 1;
				DEVELOPMENT_TEAM = 7Y6WH6SYK8;
				GENERATE_INFOPLIST_FILE = YES;
				INFOPLIST_FILE = "Movies App/Info.plist";
				INFOPLIST_KEY_UIApplicationSupportsIndirectInputEvents = YES;
				INFOPLIST_KEY_UILaunchStoryboardName = LaunchScreen;
				INFOPLIST_KEY_UIMainStoryboardFile = Main;
				INFOPLIST_KEY_UISupportedInterfaceOrientations_iPad = "UIInterfaceOrientationPortrait UIInterfaceOrientationPortraitUpsideDown UIInterfaceOrientationLandscapeLeft UIInterfaceOrientationLandscapeRight";
				INFOPLIST_KEY_UISupportedInterfaceOrientations_iPhone = "UIInterfaceOrientationPortrait UIInterfaceOrientationLandscapeLeft UIInterfaceOrientationLandscapeRight";
				LD_RUNPATH_SEARCH_PATHS = (
					"$(inherited)",
					"@executable_path/Frameworks",
				);
				MARKETING_VERSION = 1.0;
				PRODUCT_BUNDLE_IDENTIFIER = "ITI.Movies-App";
				PRODUCT_NAME = "$(TARGET_NAME)";
				SWIFT_EMIT_LOC_STRINGS = YES;
				SWIFT_VERSION = 5.0;
				TARGETED_DEVICE_FAMILY = "1,2";
			};
			name = Release;
		};
		DE37AB1C2976C00A00D374CC /* Debug */ = {
			isa = XCBuildConfiguration;
			buildSettings = {
				ALWAYS_EMBED_SWIFT_STANDARD_LIBRARIES = YES;
				BUNDLE_LOADER = "$(TEST_HOST)";
				CODE_SIGN_STYLE = Automatic;
				CURRENT_PROJECT_VERSION = 1;
				DEVELOPMENT_TEAM = 7Y6WH6SYK8;
				GENERATE_INFOPLIST_FILE = YES;
				IPHONEOS_DEPLOYMENT_TARGET = 16.2;
				MARKETING_VERSION = 1.0;
				PRODUCT_BUNDLE_IDENTIFIER = "ITI.Movies-AppTests";
				PRODUCT_NAME = "$(TARGET_NAME)";
				SWIFT_EMIT_LOC_STRINGS = NO;
				SWIFT_VERSION = 5.0;
				TARGETED_DEVICE_FAMILY = "1,2";
				TEST_HOST = "$(BUILT_PRODUCTS_DIR)/Movies App.app/$(BUNDLE_EXECUTABLE_FOLDER_PATH)/Movies App";
			};
			name = Debug;
		};
		DE37AB1D2976C00A00D374CC /* Release */ = {
			isa = XCBuildConfiguration;
			buildSettings = {
				ALWAYS_EMBED_SWIFT_STANDARD_LIBRARIES = YES;
				BUNDLE_LOADER = "$(TEST_HOST)";
				CODE_SIGN_STYLE = Automatic;
				CURRENT_PROJECT_VERSION = 1;
				DEVELOPMENT_TEAM = 7Y6WH6SYK8;
				GENERATE_INFOPLIST_FILE = YES;
				IPHONEOS_DEPLOYMENT_TARGET = 16.2;
				MARKETING_VERSION = 1.0;
				PRODUCT_BUNDLE_IDENTIFIER = "ITI.Movies-AppTests";
				PRODUCT_NAME = "$(TARGET_NAME)";
				SWIFT_EMIT_LOC_STRINGS = NO;
				SWIFT_VERSION = 5.0;
				TARGETED_DEVICE_FAMILY = "1,2";
				TEST_HOST = "$(BUILT_PRODUCTS_DIR)/Movies App.app/$(BUNDLE_EXECUTABLE_FOLDER_PATH)/Movies App";
			};
			name = Release;
		};
		DE37AB1F2976C00A00D374CC /* Debug */ = {
			isa = XCBuildConfiguration;
			buildSettings = {
				ALWAYS_EMBED_SWIFT_STANDARD_LIBRARIES = YES;
				CODE_SIGN_STYLE = Automatic;
				CURRENT_PROJECT_VERSION = 1;
				DEVELOPMENT_TEAM = 7Y6WH6SYK8;
				GENERATE_INFOPLIST_FILE = YES;
				MARKETING_VERSION = 1.0;
				PRODUCT_BUNDLE_IDENTIFIER = "ITI.Movies-AppUITests";
				PRODUCT_NAME = "$(TARGET_NAME)";
				SWIFT_EMIT_LOC_STRINGS = NO;
				SWIFT_VERSION = 5.0;
				TARGETED_DEVICE_FAMILY = "1,2";
				TEST_TARGET_NAME = "Movies App";
			};
			name = Debug;
		};
		DE37AB202976C00A00D374CC /* Release */ = {
			isa = XCBuildConfiguration;
			buildSettings = {
				ALWAYS_EMBED_SWIFT_STANDARD_LIBRARIES = YES;
				CODE_SIGN_STYLE = Automatic;
				CURRENT_PROJECT_VERSION = 1;
				DEVELOPMENT_TEAM = 7Y6WH6SYK8;
				GENERATE_INFOPLIST_FILE = YES;
				MARKETING_VERSION = 1.0;
				PRODUCT_BUNDLE_IDENTIFIER = "ITI.Movies-AppUITests";
				PRODUCT_NAME = "$(TARGET_NAME)";
				SWIFT_EMIT_LOC_STRINGS = NO;
				SWIFT_VERSION = 5.0;
				TARGETED_DEVICE_FAMILY = "1,2";
				TEST_TARGET_NAME = "Movies App";
			};
			name = Release;
		};
/* End XCBuildConfiguration section */

/* Begin XCConfigurationList section */
		DE37AAE62976C00700D374CC /* Build configuration list for PBXProject "Movies App" */ = {
			isa = XCConfigurationList;
			buildConfigurations = (
				DE37AB162976C00A00D374CC /* Debug */,
				DE37AB172976C00A00D374CC /* Release */,
			);
			defaultConfigurationIsVisible = 0;
			defaultConfigurationName = Release;
		};
		DE37AB182976C00A00D374CC /* Build configuration list for PBXNativeTarget "Movies App" */ = {
			isa = XCConfigurationList;
			buildConfigurations = (
				DE37AB192976C00A00D374CC /* Debug */,
				DE37AB1A2976C00A00D374CC /* Release */,
			);
			defaultConfigurationIsVisible = 0;
			defaultConfigurationName = Release;
		};
		DE37AB1B2976C00A00D374CC /* Build configuration list for PBXNativeTarget "Movies AppTests" */ = {
			isa = XCConfigurationList;
			buildConfigurations = (
				DE37AB1C2976C00A00D374CC /* Debug */,
				DE37AB1D2976C00A00D374CC /* Release */,
			);
			defaultConfigurationIsVisible = 0;
			defaultConfigurationName = Release;
		};
		DE37AB1E2976C00A00D374CC /* Build configuration list for PBXNativeTarget "Movies AppUITests" */ = {
			isa = XCConfigurationList;
			buildConfigurations = (
				DE37AB1F2976C00A00D374CC /* Debug */,
				DE37AB202976C00A00D374CC /* Release */,
			);
			defaultConfigurationIsVisible = 0;
			defaultConfigurationName = Release;
		};
/* End XCConfigurationList section */

/* Begin XCVersionGroup section */
		DE37AAF72976C00700D374CC /* Movies_App.xcdatamodeld */ = {
			isa = XCVersionGroup;
			children = (
				DE37AAF82976C00700D374CC /* Movies_App.xcdatamodel */,
			);
			currentVersion = DE37AAF82976C00700D374CC /* Movies_App.xcdatamodel */;
			path = Movies_App.xcdatamodeld;
			sourceTree = "<group>";
			versionGroupType = wrapper.xcdatamodel;
		};
/* End XCVersionGroup section */
	};
	rootObject = DE37AAE32976C00700D374CC /* Project object */;
}
